
Microsoft Visual Studio Solution File, Format Version 12.00
# Visual Studio Version 16
VisualStudioVersion = 16.0.30413.136
MinimumVisualStudioVersion = 10.0.40219.1
Project("{888888A0-9F3D-457C-B088-3A5042F75D52}") = "registration", "registration\registration.pyproj", "{F43DC123-CFBB-4F83-B429-172EB155BF43}"
EndProject
Global
	GlobalSection(SolutionConfigurationPlatforms) = preSolution
		Debug|Any CPU = Debug|Any CPU
		Release|Any CPU = Release|Any CPU
	EndGlobalSection
	GlobalSection(ProjectConfigurationPlatforms) = postSolution
		{F43DC123-CFBB-4F83-B429-172EB155BF43}.Debug|Any CPU.ActiveCfg = Debug|Any CPU
		{F43DC123-CFBB-4F83-B429-172EB155BF43}.Release|Any CPU.ActiveCfg = Release|Any CPU
	EndGlobalSection
	GlobalSection(SolutionProperties) = preSolution
		HideSolutionNode = FALSE
	EndGlobalSection
	GlobalSection(ExtensibilityGlobals) = postSolution
		SolutionGuid = {B9E9D63F-B95E-441E-8B4E-5B8298630C8B}
	EndGlobalSection
EndGlobal
